
Microsoft Visual Studio Solution File, Format Version 12.00
# Visual Studio 15
VisualStudioVersion = 15.0.27130.2036
MinimumVisualStudioVersion = 10.0.40219.1
Project("{FAE04EC0-301F-11D3-BF4B-00C04F79EFBC}") = "ComicBookGallery", "ComicBookGallery\ComicBookGallery.csproj", "{CF4C89F9-A2C1-432B-9AC2-06B1B16CEBDB}"
EndProject
Global
	GlobalSection(SolutionConfigurationPlatforms) = preSolution
		Debug|Any CPU = Debug|Any CPU
		Release|Any CPU = Release|Any CPU
	EndGlobalSection
	GlobalSection(ProjectConfigurationPlatforms) = postSolution
		{CF4C89F9-A2C1-432B-9AC2-06B1B16CEBDB}.Debug|Any CPU.ActiveCfg = Debug|Any CPU
		{CF4C89F9-A2C1-432B-9AC2-06B1B16CEBDB}.Debug|Any CPU.Build.0 = Debug|Any CPU
		{CF4C89F9-A2C1-432B-9AC2-06B1B16CEBDB}.Release|Any CPU.ActiveCfg = Release|Any CPU
		{CF4C89F9-A2C1-432B-9AC2-06B1B16CEBDB}.Release|Any CPU.Build.0 = Release|Any CPU
	EndGlobalSection
	GlobalSection(SolutionProperties) = preSolution
		HideSolutionNode = FALSE
	EndGlobalSection
	GlobalSection(ExtensibilityGlobals) = postSolution
		SolutionGuid = {FB8C2906-5EE4-464E-80BB-9F50F7B64854}
	EndGlobalSection
EndGlobal
